
Microsoft Visual Studio Solution File, Format Version 12.00
# Visual Studio Version 17
VisualStudioVersion = 17.8.34322.80
MinimumVisualStudioVersion = 10.0.40219.1
Project("{FAE04EC0-301F-11D3-BF4B-00C04F79EFBC}") = "GetData", "GetData\GetData.csproj", "{7AF6E33B-86E0-45A2-9D46-7CC69173D788}"
EndProject
Global
	GlobalSection(SolutionConfigurationPlatforms) = preSolution
		Debug|Any CPU = Debug|Any CPU
		Release|Any CPU = Release|Any CPU
	EndGlobalSection
	GlobalSection(ProjectConfigurationPlatforms) = postSolution
		{7AF6E33B-86E0-45A2-9D46-7CC69173D788}.Debug|Any CPU.ActiveCfg = Debug|Any CPU
		{7AF6E33B-86E0-45A2-9D46-7CC69173D788}.Debug|Any CPU.Build.0 = Debug|Any CPU
		{7AF6E33B-86E0-45A2-9D46-7CC69173D788}.Release|Any CPU.ActiveCfg = Release|Any CPU
		{7AF6E33B-86E0-45A2-9D46-7CC69173D788}.Release|Any CPU.Build.0 = Release|Any CPU
	EndGlobalSection
	GlobalSection(SolutionProperties) = preSolution
		HideSolutionNode = FALSE
	EndGlobalSection
	GlobalSection(ExtensibilityGlobals) = postSolution
		SolutionGuid = {AAD93717-6010-408A-997D-ADDD92A6915B}
	EndGlobalSection
EndGlobal
